
Microsoft Visual Studio Solution File, Format Version 12.00
# Visual Studio Version 16
VisualStudioVersion = 16.0.30114.105
MinimumVisualStudioVersion = 10.0.40219.1
Project("{FAE04EC0-301F-11D3-BF4B-00C04F79EFBC}") = "LS_BackGroundTaskCode", "LS_BackGroundTaskCode\LS_BackGroundTaskCode.csproj", "{8B1BC5CA-6A4B-4223-90DE-EBF2529D6FC7}"
EndProject
Project("{FAE04EC0-301F-11D3-BF4B-00C04F79EFBC}") = "LS_FileSftpHelpCode", "LS_FileSftpHelpCode\LS_FileSftpHelpCode.csproj", "{A7230D93-12A0-490E-B41E-1E66D0D64B49}"
EndProject
Project("{FAE04EC0-301F-11D3-BF4B-00C04F79EFBC}") = "LS_DapperMvcCode", "LS_DapperMvcCode\LS_DapperMvcCode.csproj", "{C5989282-0BF5-4995-B262-459606CD9687}"
EndProject
Global
	GlobalSection(SolutionConfigurationPlatforms) = preSolution
		Debug|Any CPU = Debug|Any CPU
		Release|Any CPU = Release|Any CPU
	EndGlobalSection
	GlobalSection(ProjectConfigurationPlatforms) = postSolution
		{8B1BC5CA-6A4B-4223-90DE-EBF2529D6FC7}.Debug|Any CPU.ActiveCfg = Debug|Any CPU
		{8B1BC5CA-6A4B-4223-90DE-EBF2529D6FC7}.Debug|Any CPU.Build.0 = Debug|Any CPU
		{8B1BC5CA-6A4B-4223-90DE-EBF2529D6FC7}.Release|Any CPU.ActiveCfg = Release|Any CPU
		{8B1BC5CA-6A4B-4223-90DE-EBF2529D6FC7}.Release|Any CPU.Build.0 = Release|Any CPU
		{A7230D93-12A0-490E-B41E-1E66D0D64B49}.Debug|Any CPU.ActiveCfg = Debug|Any CPU
		{A7230D93-12A0-490E-B41E-1E66D0D64B49}.Debug|Any CPU.Build.0 = Debug|Any CPU
		{A7230D93-12A0-490E-B41E-1E66D0D64B49}.Release|Any CPU.ActiveCfg = Release|Any CPU
		{A7230D93-12A0-490E-B41E-1E66D0D64B49}.Release|Any CPU.Build.0 = Release|Any CPU
		{C5989282-0BF5-4995-B262-459606CD9687}.Debug|Any CPU.ActiveCfg = Debug|Any CPU
		{C5989282-0BF5-4995-B262-459606CD9687}.Debug|Any CPU.Build.0 = Debug|Any CPU
		{C5989282-0BF5-4995-B262-459606CD9687}.Release|Any CPU.ActiveCfg = Release|Any CPU
		{C5989282-0BF5-4995-B262-459606CD9687}.Release|Any CPU.Build.0 = Release|Any CPU
	EndGlobalSection
	GlobalSection(SolutionProperties) = preSolution
		HideSolutionNode = FALSE
	EndGlobalSection
	GlobalSection(ExtensibilityGlobals) = postSolution
		SolutionGuid = {345C5914-30B9-411D-8A8B-0C0ED60E7469}
	EndGlobalSection
EndGlobal
